
Microsoft Visual Studio Solution File, Format Version 12.00
# Visual Studio Version 17
VisualStudioVersion = 17.9.34714.143
MinimumVisualStudioVersion = 10.0.40219.1
Project("{9A19103F-16F7-4668-BE54-9A1E7A4F7556}") = "Spaceports", "Spaceports.csproj", "{C5487C43-56D6-4BFB-8389-B6EC83F5A23C}"
EndProject
Global
	GlobalSection(SolutionConfigurationPlatforms) = preSolution
		Debug|Any CPU = Debug|Any CPU
		Release|Any CPU = Release|Any CPU
	EndGlobalSection
	GlobalSection(ProjectConfigurationPlatforms) = postSolution
		{C5487C43-56D6-4BFB-8389-B6EC83F5A23C}.Debug|Any CPU.ActiveCfg = Debug|Any CPU
		{C5487C43-56D6-4BFB-8389-B6EC83F5A23C}.Debug|Any CPU.Build.0 = Debug|Any CPU
		{C5487C43-56D6-4BFB-8389-B6EC83F5A23C}.Release|Any CPU.ActiveCfg = Release|Any CPU
		{C5487C43-56D6-4BFB-8389-B6EC83F5A23C}.Release|Any CPU.Build.0 = Release|Any CPU
	EndGlobalSection
	GlobalSection(SolutionProperties) = preSolution
		HideSolutionNode = FALSE
	EndGlobalSection
	GlobalSection(ExtensibilityGlobals) = postSolution
		SolutionGuid = {73CDD7F9-5D17-4482-B994-F5229FC4BDDA}
	EndGlobalSection
EndGlobal
